
Microsoft Visual Studio Solution File, Format Version 11.00
# Visual Studio 2010
Project("{FAE04EC0-301F-11D3-BF4B-00C04F79EFBC}") = "UnityEngine.UI", "UnityEngine.UI.csproj", "{6e6a36d5-92e6-5489-1a34-c7adfaeb6f89}"
EndProject
Project("{FAE04EC0-301F-11D3-BF4B-00C04F79EFBC}") = "UnityEngine.TestRunner", "UnityEngine.TestRunner.csproj", "{d935fde4-8100-13ed-d070-412db118c261}"
EndProject
Project("{FAE04EC0-301F-11D3-BF4B-00C04F79EFBC}") = "Unity.Postprocessing.Runtime", "Unity.Postprocessing.Runtime.csproj", "{ad0e1168-6711-8632-c0e0-e7680a8b64e4}"
EndProject
Project("{FAE04EC0-301F-11D3-BF4B-00C04F79EFBC}") = "Unity.TextMeshPro", "Unity.TextMeshPro.csproj", "{cbb7f73e-f79d-b96a-09f6-f974f60e3771}"
EndProject
Project("{FAE04EC0-301F-11D3-BF4B-00C04F79EFBC}") = "VRC.Udon.Serialization.OdinSerializer", "VRC.Udon.Serialization.OdinSerializer.csproj", "{ce0f4ee2-9c93-975c-5023-c03f4d3d1533}"
EndProject
Project("{FAE04EC0-301F-11D3-BF4B-00C04F79EFBC}") = "Unity.Timeline", "Unity.Timeline.csproj", "{ba78c596-83a6-9e00-dae9-f639988b926c}"
EndProject
Project("{FAE04EC0-301F-11D3-BF4B-00C04F79EFBC}") = "VRC.Udon", "VRC.Udon.csproj", "{c9964b0a-5d63-cca1-4738-a4038c9506f7}"
EndProject
Project("{FAE04EC0-301F-11D3-BF4B-00C04F79EFBC}") = "Cinemachine", "Cinemachine.csproj", "{23a41107-c00a-3c77-37d2-55f90f2ae70f}"
EndProject
Project("{FAE04EC0-301F-11D3-BF4B-00C04F79EFBC}") = "UdonSharp.Runtime", "UdonSharp.Runtime.csproj", "{0da48ad7-2a92-c770-815b-daca71679e76}"
EndProject
Project("{FAE04EC0-301F-11D3-BF4B-00C04F79EFBC}") = "Assembly-CSharp", "Assembly-CSharp.csproj", "{cf1123cb-92ae-07c2-0ecf-6118d51bbb7b}"
EndProject
Project("{FAE04EC0-301F-11D3-BF4B-00C04F79EFBC}") = "VRC.SDKBase.Editor.BuildPipeline", "VRC.SDKBase.Editor.BuildPipeline.csproj", "{2e884f84-5f02-308b-0a82-044f64719de3}"
EndProject
Project("{FAE04EC0-301F-11D3-BF4B-00C04F79EFBC}") = "UnityEditor.TestRunner", "UnityEditor.TestRunner.csproj", "{955a39ca-5576-1e7b-13cb-4fe811092483}"
EndProject
Project("{FAE04EC0-301F-11D3-BF4B-00C04F79EFBC}") = "Unity.VisualStudio.Editor", "Unity.VisualStudio.Editor.csproj", "{61c0ce49-11e3-1890-2551-1492da00c1e8}"
EndProject
Project("{FAE04EC0-301F-11D3-BF4B-00C04F79EFBC}") = "Unity.TextMeshPro.Editor", "Unity.TextMeshPro.Editor.csproj", "{d39134a3-6d5b-56cf-a47f-898bfcbf6352}"
EndProject
Project("{FAE04EC0-301F-11D3-BF4B-00C04F79EFBC}") = "Unity.Timeline.Editor", "Unity.Timeline.Editor.csproj", "{68929acc-b8a2-4cc4-2939-a4920971b119}"
EndProject
Project("{FAE04EC0-301F-11D3-BF4B-00C04F79EFBC}") = "Unity.PlasticSCM.Editor", "Unity.PlasticSCM.Editor.csproj", "{ea8eb24d-8e52-d4d9-4904-79f895608e80}"
EndProject
Project("{FAE04EC0-301F-11D3-BF4B-00C04F79EFBC}") = "com.unity.cinemachine.editor", "com.unity.cinemachine.editor.csproj", "{5f3f8dcf-83c9-5a0a-f89d-24751ad813d5}"
EndProject
Project("{FAE04EC0-301F-11D3-BF4B-00C04F79EFBC}") = "VRC.Udon.Editor", "VRC.Udon.Editor.csproj", "{e6a1db18-b6a4-87c0-3f36-773b056ad16e}"
EndProject
Project("{FAE04EC0-301F-11D3-BF4B-00C04F79EFBC}") = "UdonSharp.Editor", "UdonSharp.Editor.csproj", "{78ef6c6f-06dd-864c-5cab-1911ddb68c50}"
EndProject
Project("{FAE04EC0-301F-11D3-BF4B-00C04F79EFBC}") = "Unity.Rider.Editor", "Unity.Rider.Editor.csproj", "{cfd77ed3-ac89-84ba-f22e-88c02e33e23c}"
EndProject
Project("{FAE04EC0-301F-11D3-BF4B-00C04F79EFBC}") = "Assembly-CSharp-Editor", "Assembly-CSharp-Editor.csproj", "{c78bb077-49a3-62e3-8db3-915ed03517df}"
EndProject
Project("{FAE04EC0-301F-11D3-BF4B-00C04F79EFBC}") = "UnityEditor.UI", "UnityEditor.UI.csproj", "{5c157b30-2427-5ed8-25d6-b46f47369118}"
EndProject
Project("{FAE04EC0-301F-11D3-BF4B-00C04F79EFBC}") = "VRC.SDKBase.Editor.ShaderStripping", "VRC.SDKBase.Editor.ShaderStripping.csproj", "{44a7b06d-81a1-c1db-bfe7-e25027789750}"
EndProject
Project("{FAE04EC0-301F-11D3-BF4B-00C04F79EFBC}") = "Unity.Postprocessing.Editor", "Unity.Postprocessing.Editor.csproj", "{861f273f-b6c3-16cb-ee5e-b8bab7c2c0d7}"
EndProject
Project("{FAE04EC0-301F-11D3-BF4B-00C04F79EFBC}") = "Unity.CollabProxy.Editor", "Unity.CollabProxy.Editor.csproj", "{182e182f-6b5f-5779-cf9f-dd354237ac14}"
EndProject
Project("{FAE04EC0-301F-11D3-BF4B-00C04F79EFBC}") = "Unity.VSCode.Editor", "Unity.VSCode.Editor.csproj", "{927722ff-3dd4-872a-b684-4387a72951ee}"
EndProject
Project("{FAE04EC0-301F-11D3-BF4B-00C04F79EFBC}") = "UnityEditorTests", "UnityEditorTests.csproj", "{518483aa-c9b2-41d7-57b2-e33b2c7729ae}"
EndProject
Project("{FAE04EC0-301F-11D3-BF4B-00C04F79EFBC}") = "VRC.Udon.Editor.UPMImporter", "VRC.Udon.Editor.UPMImporter.csproj", "{ccae2d4c-f04b-92a8-ca06-ceee54474475}"
EndProject
Project("{FAE04EC0-301F-11D3-BF4B-00C04F79EFBC}") = "Unity.PlasticSCM.EditorTests", "Unity.PlasticSCM.EditorTests.csproj", "{5475bf5f-2f6d-0a75-413f-544bfb49e0ed}"
EndProject
Project("{FAE04EC0-301F-11D3-BF4B-00C04F79EFBC}") = "Unity.XR.Oculus.Standalone.EditorTests", "Unity.XR.Oculus.Standalone.EditorTests.csproj", "{f1af592a-7e89-2466-1381-a358a2bab1e6}"
EndProject
Project("{FAE04EC0-301F-11D3-BF4B-00C04F79EFBC}") = "Unity.Postprocessing.Runtime.Tests", "Unity.Postprocessing.Runtime.Tests.csproj", "{28f61735-d81f-f7d5-5524-b527e6b3c56d}"
EndProject
Project("{FAE04EC0-301F-11D3-BF4B-00C04F79EFBC}") = "Unity.XR.OpenVR.Standalone.EditorTests", "Unity.XR.OpenVR.Standalone.EditorTests.csproj", "{1f3c7093-d12f-9b7d-d1fe-11b6d5f78233}"
EndProject
Project("{FAE04EC0-301F-11D3-BF4B-00C04F79EFBC}") = "Unity.TextMeshPro.Editor.Tests", "Unity.TextMeshPro.Editor.Tests.csproj", "{77ddd76d-731c-6d06-b1cc-f3822a3706bf}"
EndProject
Project("{FAE04EC0-301F-11D3-BF4B-00C04F79EFBC}") = "com.unity.cinemachine.EditorTests", "com.unity.cinemachine.EditorTests.csproj", "{104d9379-c6e1-8ad0-78e0-80f500187485}"
EndProject
Project("{FAE04EC0-301F-11D3-BF4B-00C04F79EFBC}") = "Unity.CollabProxy.EditorTests", "Unity.CollabProxy.EditorTests.csproj", "{7c10af0b-d6f7-c97a-3a08-d9d0ea039646}"
EndProject
Project("{FAE04EC0-301F-11D3-BF4B-00C04F79EFBC}") = "UnityEngine.UI.Tests", "UnityEngine.UI.Tests.csproj", "{2d6b2646-98c5-024c-e909-ba55c0f7ec96}"
EndProject
Project("{FAE04EC0-301F-11D3-BF4B-00C04F79EFBC}") = "com.unity.cinemachine.Tests", "com.unity.cinemachine.Tests.csproj", "{26a4a00c-85a7-4a5e-9346-67c5773c7a46}"
EndProject
Project("{FAE04EC0-301F-11D3-BF4B-00C04F79EFBC}") = "Unity.TextMeshPro.Tests", "Unity.TextMeshPro.Tests.csproj", "{024461ee-93df-1031-4638-ebe3f2c56065}"
EndProject
Project("{FAE04EC0-301F-11D3-BF4B-00C04F79EFBC}") = "UnityEditor.UI.EditorTests", "UnityEditor.UI.EditorTests.csproj", "{c6e08859-6ac5-f739-0a3d-6c0a8bb8a4ef}"
EndProject
Project("{FAE04EC0-301F-11D3-BF4B-00C04F79EFBC}") = "Unity.Postprocessing.Editor.Tests", "Unity.Postprocessing.Editor.Tests.csproj", "{49716f67-b410-eb4c-bb90-c737aff3e354}"
EndProject
Global
	GlobalSection(SolutionConfigurationPlatforms) = preSolution
		Debug|Any CPU = Debug|Any CPU
	EndGlobalSection
	GlobalSection(ProjectConfigurationPlatforms) = postSolution
		{6e6a36d5-92e6-5489-1a34-c7adfaeb6f89}.Debug|Any CPU.ActiveCfg = Debug|Any CPU
		{6e6a36d5-92e6-5489-1a34-c7adfaeb6f89}.Debug|Any CPU.Build.0 = Debug|Any CPU
		{d935fde4-8100-13ed-d070-412db118c261}.Debug|Any CPU.ActiveCfg = Debug|Any CPU
		{d935fde4-8100-13ed-d070-412db118c261}.Debug|Any CPU.Build.0 = Debug|Any CPU
		{ad0e1168-6711-8632-c0e0-e7680a8b64e4}.Debug|Any CPU.ActiveCfg = Debug|Any CPU
		{ad0e1168-6711-8632-c0e0-e7680a8b64e4}.Debug|Any CPU.Build.0 = Debug|Any CPU
		{cbb7f73e-f79d-b96a-09f6-f974f60e3771}.Debug|Any CPU.ActiveCfg = Debug|Any CPU
		{cbb7f73e-f79d-b96a-09f6-f974f60e3771}.Debug|Any CPU.Build.0 = Debug|Any CPU
		{ce0f4ee2-9c93-975c-5023-c03f4d3d1533}.Debug|Any CPU.ActiveCfg = Debug|Any CPU
		{ce0f4ee2-9c93-975c-5023-c03f4d3d1533}.Debug|Any CPU.Build.0 = Debug|Any CPU
		{ba78c596-83a6-9e00-dae9-f639988b926c}.Debug|Any CPU.ActiveCfg = Debug|Any CPU
		{ba78c596-83a6-9e00-dae9-f639988b926c}.Debug|Any CPU.Build.0 = Debug|Any CPU
		{c9964b0a-5d63-cca1-4738-a4038c9506f7}.Debug|Any CPU.ActiveCfg = Debug|Any CPU
		{c9964b0a-5d63-cca1-4738-a4038c9506f7}.Debug|Any CPU.Build.0 = Debug|Any CPU
		{23a41107-c00a-3c77-37d2-55f90f2ae70f}.Debug|Any CPU.ActiveCfg = Debug|Any CPU
		{23a41107-c00a-3c77-37d2-55f90f2ae70f}.Debug|Any CPU.Build.0 = Debug|Any CPU
		{0da48ad7-2a92-c770-815b-daca71679e76}.Debug|Any CPU.ActiveCfg = Debug|Any CPU
		{0da48ad7-2a92-c770-815b-daca71679e76}.Debug|Any CPU.Build.0 = Debug|Any CPU
		{cf1123cb-92ae-07c2-0ecf-6118d51bbb7b}.Debug|Any CPU.ActiveCfg = Debug|Any CPU
		{cf1123cb-92ae-07c2-0ecf-6118d51bbb7b}.Debug|Any CPU.Build.0 = Debug|Any CPU
		{2e884f84-5f02-308b-0a82-044f64719de3}.Debug|Any CPU.ActiveCfg = Debug|Any CPU
		{2e884f84-5f02-308b-0a82-044f64719de3}.Debug|Any CPU.Build.0 = Debug|Any CPU
		{955a39ca-5576-1e7b-13cb-4fe811092483}.Debug|Any CPU.ActiveCfg = Debug|Any CPU
		{955a39ca-5576-1e7b-13cb-4fe811092483}.Debug|Any CPU.Build.0 = Debug|Any CPU
		{61c0ce49-11e3-1890-2551-1492da00c1e8}.Debug|Any CPU.ActiveCfg = Debug|Any CPU
		{61c0ce49-11e3-1890-2551-1492da00c1e8}.Debug|Any CPU.Build.0 = Debug|Any CPU
		{d39134a3-6d5b-56cf-a47f-898bfcbf6352}.Debug|Any CPU.ActiveCfg = Debug|Any CPU
		{d39134a3-6d5b-56cf-a47f-898bfcbf6352}.Debug|Any CPU.Build.0 = Debug|Any CPU
		{68929acc-b8a2-4cc4-2939-a4920971b119}.Debug|Any CPU.ActiveCfg = Debug|Any CPU
		{68929acc-b8a2-4cc4-2939-a4920971b119}.Debug|Any CPU.Build.0 = Debug|Any CPU
		{ea8eb24d-8e52-d4d9-4904-79f895608e80}.Debug|Any CPU.ActiveCfg = Debug|Any CPU
		{ea8eb24d-8e52-d4d9-4904-79f895608e80}.Debug|Any CPU.Build.0 = Debug|Any CPU
		{5f3f8dcf-83c9-5a0a-f89d-24751ad813d5}.Debug|Any CPU.ActiveCfg = Debug|Any CPU
		{5f3f8dcf-83c9-5a0a-f89d-24751ad813d5}.Debug|Any CPU.Build.0 = Debug|Any CPU
		{e6a1db18-b6a4-87c0-3f36-773b056ad16e}.Debug|Any CPU.ActiveCfg = Debug|Any CPU
		{e6a1db18-b6a4-87c0-3f36-773b056ad16e}.Debug|Any CPU.Build.0 = Debug|Any CPU
		{78ef6c6f-06dd-864c-5cab-1911ddb68c50}.Debug|Any CPU.ActiveCfg = Debug|Any CPU
		{78ef6c6f-06dd-864c-5cab-1911ddb68c50}.Debug|Any CPU.Build.0 = Debug|Any CPU
		{cfd77ed3-ac89-84ba-f22e-88c02e33e23c}.Debug|Any CPU.ActiveCfg = Debug|Any CPU
		{cfd77ed3-ac89-84ba-f22e-88c02e33e23c}.Debug|Any CPU.Build.0 = Debug|Any CPU
		{c78bb077-49a3-62e3-8db3-915ed03517df}.Debug|Any CPU.ActiveCfg = Debug|Any CPU
		{c78bb077-49a3-62e3-8db3-915ed03517df}.Debug|Any CPU.Build.0 = Debug|Any CPU
		{5c157b30-2427-5ed8-25d6-b46f47369118}.Debug|Any CPU.ActiveCfg = Debug|Any CPU
		{5c157b30-2427-5ed8-25d6-b46f47369118}.Debug|Any CPU.Build.0 = Debug|Any CPU
		{44a7b06d-81a1-c1db-bfe7-e25027789750}.Debug|Any CPU.ActiveCfg = Debug|Any CPU
		{44a7b06d-81a1-c1db-bfe7-e25027789750}.Debug|Any CPU.Build.0 = Debug|Any CPU
		{861f273f-b6c3-16cb-ee5e-b8bab7c2c0d7}.Debug|Any CPU.ActiveCfg = Debug|Any CPU
		{861f273f-b6c3-16cb-ee5e-b8bab7c2c0d7}.Debug|Any CPU.Build.0 = Debug|Any CPU
		{182e182f-6b5f-5779-cf9f-dd354237ac14}.Debug|Any CPU.ActiveCfg = Debug|Any CPU
		{182e182f-6b5f-5779-cf9f-dd354237ac14}.Debug|Any CPU.Build.0 = Debug|Any CPU
		{927722ff-3dd4-872a-b684-4387a72951ee}.Debug|Any CPU.ActiveCfg = Debug|Any CPU
		{927722ff-3dd4-872a-b684-4387a72951ee}.Debug|Any CPU.Build.0 = Debug|Any CPU
		{518483aa-c9b2-41d7-57b2-e33b2c7729ae}.Debug|Any CPU.ActiveCfg = Debug|Any CPU
		{518483aa-c9b2-41d7-57b2-e33b2c7729ae}.Debug|Any CPU.Build.0 = Debug|Any CPU
		{ccae2d4c-f04b-92a8-ca06-ceee54474475}.Debug|Any CPU.ActiveCfg = Debug|Any CPU
		{ccae2d4c-f04b-92a8-ca06-ceee54474475}.Debug|Any CPU.Build.0 = Debug|Any CPU
		{5475bf5f-2f6d-0a75-413f-544bfb49e0ed}.Debug|Any CPU.ActiveCfg = Debug|Any CPU
		{5475bf5f-2f6d-0a75-413f-544bfb49e0ed}.Debug|Any CPU.Build.0 = Debug|Any CPU
		{f1af592a-7e89-2466-1381-a358a2bab1e6}.Debug|Any CPU.ActiveCfg = Debug|Any CPU
		{f1af592a-7e89-2466-1381-a358a2bab1e6}.Debug|Any CPU.Build.0 = Debug|Any CPU
		{28f61735-d81f-f7d5-5524-b527e6b3c56d}.Debug|Any CPU.ActiveCfg = Debug|Any CPU
		{28f61735-d81f-f7d5-5524-b527e6b3c56d}.Debug|Any CPU.Build.0 = Debug|Any CPU
		{1f3c7093-d12f-9b7d-d1fe-11b6d5f78233}.Debug|Any CPU.ActiveCfg = Debug|Any CPU
		{1f3c7093-d12f-9b7d-d1fe-11b6d5f78233}.Debug|Any CPU.Build.0 = Debug|Any CPU
		{77ddd76d-731c-6d06-b1cc-f3822a3706bf}.Debug|Any CPU.ActiveCfg = Debug|Any CPU
		{77ddd76d-731c-6d06-b1cc-f3822a3706bf}.Debug|Any CPU.Build.0 = Debug|Any CPU
		{104d9379-c6e1-8ad0-78e0-80f500187485}.Debug|Any CPU.ActiveCfg = Debug|Any CPU
		{104d9379-c6e1-8ad0-78e0-80f500187485}.Debug|Any CPU.Build.0 = Debug|Any CPU
		{7c10af0b-d6f7-c97a-3a08-d9d0ea039646}.Debug|Any CPU.ActiveCfg = Debug|Any CPU
		{7c10af0b-d6f7-c97a-3a08-d9d0ea039646}.Debug|Any CPU.Build.0 = Debug|Any CPU
		{2d6b2646-98c5-024c-e909-ba55c0f7ec96}.Debug|Any CPU.ActiveCfg = Debug|Any CPU
		{2d6b2646-98c5-024c-e909-ba55c0f7ec96}.Debug|Any CPU.Build.0 = Debug|Any CPU
		{26a4a00c-85a7-4a5e-9346-67c5773c7a46}.Debug|Any CPU.ActiveCfg = Debug|Any CPU
		{26a4a00c-85a7-4a5e-9346-67c5773c7a46}.Debug|Any CPU.Build.0 = Debug|Any CPU
		{024461ee-93df-1031-4638-ebe3f2c56065}.Debug|Any CPU.ActiveCfg = Debug|Any CPU
		{024461ee-93df-1031-4638-ebe3f2c56065}.Debug|Any CPU.Build.0 = Debug|Any CPU
		{c6e08859-6ac5-f739-0a3d-6c0a8bb8a4ef}.Debug|Any CPU.ActiveCfg = Debug|Any CPU
		{c6e08859-6ac5-f739-0a3d-6c0a8bb8a4ef}.Debug|Any CPU.Build.0 = Debug|Any CPU
		{49716f67-b410-eb4c-bb90-c737aff3e354}.Debug|Any CPU.ActiveCfg = Debug|Any CPU
		{49716f67-b410-eb4c-bb90-c737aff3e354}.Debug|Any CPU.Build.0 = Debug|Any CPU
	EndGlobalSection
	GlobalSection(SolutionProperties) = preSolution
		HideSolutionNode = FALSE
	EndGlobalSection
EndGlobal
